
Microsoft Visual Studio Solution File, Format Version 12.00
# Visual Studio 15
VisualStudioVersion = 15.0.28307.1267
MinimumVisualStudioVersion = 10.0.40219.1
Project("{FAE04EC0-301F-11D3-BF4B-00C04F79EFBC}") = "Server_MuhammadZulqoniun_20180140120", "Server_MuhammadZulqoniun_20180140120\Server_MuhammadZulqoniun_20180140120.csproj", "{3E630CEB-8270-4D6D-A8F6-41A6B233066F}"
EndProject
Project("{FAE04EC0-301F-11D3-BF4B-00C04F79EFBC}") = "Client_MuhammadZulqoniun_20180140120", "Client_MuhammadZulqoniun_20180140120\Client_MuhammadZulqoniun_20180140120.csproj", "{8CF9335C-863F-471F-9EEE-23B0F02E9DB3}"
EndProject
Global
	GlobalSection(SolutionConfigurationPlatforms) = preSolution
		Debug|Any CPU = Debug|Any CPU
		Release|Any CPU = Release|Any CPU
	EndGlobalSection
	GlobalSection(ProjectConfigurationPlatforms) = postSolution
		{3E630CEB-8270-4D6D-A8F6-41A6B233066F}.Debug|Any CPU.ActiveCfg = Debug|Any CPU
		{3E630CEB-8270-4D6D-A8F6-41A6B233066F}.Debug|Any CPU.Build.0 = Debug|Any CPU
		{3E630CEB-8270-4D6D-A8F6-41A6B233066F}.Release|Any CPU.ActiveCfg = Release|Any CPU
		{3E630CEB-8270-4D6D-A8F6-41A6B233066F}.Release|Any CPU.Build.0 = Release|Any CPU
		{8CF9335C-863F-471F-9EEE-23B0F02E9DB3}.Debug|Any CPU.ActiveCfg = Debug|Any CPU
		{8CF9335C-863F-471F-9EEE-23B0F02E9DB3}.Debug|Any CPU.Build.0 = Debug|Any CPU
		{8CF9335C-863F-471F-9EEE-23B0F02E9DB3}.Release|Any CPU.ActiveCfg = Release|Any CPU
		{8CF9335C-863F-471F-9EEE-23B0F02E9DB3}.Release|Any CPU.Build.0 = Release|Any CPU
	EndGlobalSection
	GlobalSection(SolutionProperties) = preSolution
		HideSolutionNode = FALSE
	EndGlobalSection
	GlobalSection(ExtensibilityGlobals) = postSolution
		SolutionGuid = {7500DB6B-EB38-4577-AB8A-69F175C69CA2}
	EndGlobalSection
EndGlobal
